
Microsoft Visual Studio Solution File, Format Version 12.00
# Visual Studio Version 17
VisualStudioVersion = 17.2.32630.192
MinimumVisualStudioVersion = 10.0.40219.1
Project("{1BCAECC1-32D6-490E-912D-E4406FA064C0}") = "FileStorage.Application", "FileStorage.Application\FileStorage.Application.csproj", "{0BB5CA33-97F6-45D2-817B-7562F6AE89B2}"
EndProject
Project("{1BCAECC1-32D6-490E-912D-E4406FA064C0}") = "FileStorage.Domain", "FileStorage.Domain\FileStorage.Domain.csproj", "{52639345-AA4E-4844-84C3-366B12C4EAA4}"
EndProject
Project("{1BCAECC1-32D6-490E-912D-E4406FA064C0}") = "FileStorage.Logic", "FileStorage.Logic\FileStorage.Logic.csproj", "{34343BD9-287F-4D4C-AD62-E6FD60488D9D}"
EndProject
Project("{1BCAECC1-32D6-490E-912D-E4406FA064C0}") = "FileStorage.Common", "FileStorage.Common\FileStorage.Common.csproj", "{D8B64D5B-1E5B-4F88-8DB3-A366A1CC20D4}"
EndProject
Project("{1BCAECC1-32D6-490E-912D-E4406FA064C0}") = "FileStorage.Database", "FileStorage.Database\FileStorage.Database.csproj", "{684E37C2-2526-4114-86E1-B61DE802EA86}"
EndProject
Global
	GlobalSection(SolutionConfigurationPlatforms) = preSolution
		Debug|Any CPU = Debug|Any CPU
		Release|Any CPU = Release|Any CPU
	EndGlobalSection
	GlobalSection(ProjectConfigurationPlatforms) = postSolution
		{0BB5CA33-97F6-45D2-817B-7562F6AE89B2}.Debug|Any CPU.ActiveCfg = Debug|Any CPU
		{0BB5CA33-97F6-45D2-817B-7562F6AE89B2}.Debug|Any CPU.Build.0 = Debug|Any CPU
		{0BB5CA33-97F6-45D2-817B-7562F6AE89B2}.Release|Any CPU.ActiveCfg = Release|Any CPU
		{0BB5CA33-97F6-45D2-817B-7562F6AE89B2}.Release|Any CPU.Build.0 = Release|Any CPU
		{52639345-AA4E-4844-84C3-366B12C4EAA4}.Debug|Any CPU.ActiveCfg = Debug|Any CPU
		{52639345-AA4E-4844-84C3-366B12C4EAA4}.Debug|Any CPU.Build.0 = Debug|Any CPU
		{52639345-AA4E-4844-84C3-366B12C4EAA4}.Release|Any CPU.ActiveCfg = Release|Any CPU
		{52639345-AA4E-4844-84C3-366B12C4EAA4}.Release|Any CPU.Build.0 = Release|Any CPU
		{34343BD9-287F-4D4C-AD62-E6FD60488D9D}.Debug|Any CPU.ActiveCfg = Debug|Any CPU
		{34343BD9-287F-4D4C-AD62-E6FD60488D9D}.Debug|Any CPU.Build.0 = Debug|Any CPU
		{34343BD9-287F-4D4C-AD62-E6FD60488D9D}.Release|Any CPU.ActiveCfg = Release|Any CPU
		{34343BD9-287F-4D4C-AD62-E6FD60488D9D}.Release|Any CPU.Build.0 = Release|Any CPU
		{D8B64D5B-1E5B-4F88-8DB3-A366A1CC20D4}.Debug|Any CPU.ActiveCfg = Debug|Any CPU
		{D8B64D5B-1E5B-4F88-8DB3-A366A1CC20D4}.Debug|Any CPU.Build.0 = Debug|Any CPU
		{D8B64D5B-1E5B-4F88-8DB3-A366A1CC20D4}.Release|Any CPU.ActiveCfg = Release|Any CPU
		{D8B64D5B-1E5B-4F88-8DB3-A366A1CC20D4}.Release|Any CPU.Build.0 = Release|Any CPU
		{684E37C2-2526-4114-86E1-B61DE802EA86}.Debug|Any CPU.ActiveCfg = Debug|Any CPU
		{684E37C2-2526-4114-86E1-B61DE802EA86}.Debug|Any CPU.Build.0 = Debug|Any CPU
		{684E37C2-2526-4114-86E1-B61DE802EA86}.Release|Any CPU.ActiveCfg = Release|Any CPU
		{684E37C2-2526-4114-86E1-B61DE802EA86}.Release|Any CPU.Build.0 = Release|Any CPU
	EndGlobalSection
	GlobalSection(SolutionProperties) = preSolution
		HideSolutionNode = FALSE
	EndGlobalSection
	GlobalSection(ExtensibilityGlobals) = postSolution
		SolutionGuid = {E93A1910-F00F-4A44-8654-75045227E3F7}
	EndGlobalSection
EndGlobal
